
Microsoft Visual Studio Solution File, Format Version 12.00
# Visual Studio Version 16
VisualStudioVersion = 16.0.30709.64
MinimumVisualStudioVersion = 10.0.40219.1
Project("{9A19103F-16F7-4668-BE54-9A1E7A4F7556}") = "WorkoutTimer.Desktop", "WorkoutTimer.Desktop\WorkoutTimer.Desktop.csproj", "{4E7A7EB5-C0F4-4512-86C9-9B505F3441F2}"
EndProject
Project("{9A19103F-16F7-4668-BE54-9A1E7A4F7556}") = "WorkoutTimer.Tracking.Sound", "WorkoutTimer.Tracking.Sound\WorkoutTimer.Tracking.Sound.csproj", "{3052FCD3-04BB-4564-81F8-98F02ADD4420}"
EndProject
Project("{9A19103F-16F7-4668-BE54-9A1E7A4F7556}") = "WorkoutTimer.Tracking.Sound.NAudio", "WorkoutTimer.Tracking.Sound.NAudio\WorkoutTimer.Tracking.Sound.NAudio.csproj", "{F792123B-9290-438E-B039-56F8C04C0CFD}"
EndProject
Project("{9A19103F-16F7-4668-BE54-9A1E7A4F7556}") = "WorkoutTimer.Plans", "WorkoutTimer.Plans\WorkoutTimer.Plans.csproj", "{A41018B5-094E-438A-8E8D-39715EB9A72A}"
EndProject
Project("{9A19103F-16F7-4668-BE54-9A1E7A4F7556}") = "WorkoutTimer.Planning", "WorkoutTimer.Planning\WorkoutTimer.Planning.csproj", "{9D048C01-F033-49F8-9158-9C4422359CC5}"
EndProject
Project("{9A19103F-16F7-4668-BE54-9A1E7A4F7556}") = "WorkoutTimer.Tracking.Visual", "WorkoutTimer.Tracking.Visual\WorkoutTimer.Tracking.Visual.csproj", "{DF51886A-8543-46CC-ABE6-AB63D346C47B}"
EndProject
Project("{9A19103F-16F7-4668-BE54-9A1E7A4F7556}") = "WorkoutTimer.Tracking", "WorkoutTimer.Tracking\WorkoutTimer.Tracking.csproj", "{BE5FAFEE-59A8-4C98-AC36-03F18CFA7400}"
EndProject
Project("{2150E333-8FDC-42A3-9474-1A3956D46DE8}") = "Solution Items", "Solution Items", "{85C9A05E-B53D-42C0-AB53-9E11E525922C}"
	ProjectSection(SolutionItems) = preProject
		Directory.Build.props = Directory.Build.props
	EndProjectSection
EndProject
Project("{9A19103F-16F7-4668-BE54-9A1E7A4F7556}") = "WorkoutTimer.Planning.Textual", "WorkoutTimer.Planning.Textual\WorkoutTimer.Planning.Textual.csproj", "{BDEBA076-4C1F-4A2D-B718-9240A41A284E}"
EndProject
Global
	GlobalSection(SolutionConfigurationPlatforms) = preSolution
		Debug|Any CPU = Debug|Any CPU
		Release|Any CPU = Release|Any CPU
	EndGlobalSection
	GlobalSection(ProjectConfigurationPlatforms) = postSolution
		{4E7A7EB5-C0F4-4512-86C9-9B505F3441F2}.Debug|Any CPU.ActiveCfg = Debug|Any CPU
		{4E7A7EB5-C0F4-4512-86C9-9B505F3441F2}.Debug|Any CPU.Build.0 = Debug|Any CPU
		{4E7A7EB5-C0F4-4512-86C9-9B505F3441F2}.Release|Any CPU.ActiveCfg = Release|Any CPU
		{4E7A7EB5-C0F4-4512-86C9-9B505F3441F2}.Release|Any CPU.Build.0 = Release|Any CPU
		{3052FCD3-04BB-4564-81F8-98F02ADD4420}.Debug|Any CPU.ActiveCfg = Debug|Any CPU
		{3052FCD3-04BB-4564-81F8-98F02ADD4420}.Debug|Any CPU.Build.0 = Debug|Any CPU
		{3052FCD3-04BB-4564-81F8-98F02ADD4420}.Release|Any CPU.ActiveCfg = Release|Any CPU
		{3052FCD3-04BB-4564-81F8-98F02ADD4420}.Release|Any CPU.Build.0 = Release|Any CPU
		{F792123B-9290-438E-B039-56F8C04C0CFD}.Debug|Any CPU.ActiveCfg = Debug|Any CPU
		{F792123B-9290-438E-B039-56F8C04C0CFD}.Debug|Any CPU.Build.0 = Debug|Any CPU
		{F792123B-9290-438E-B039-56F8C04C0CFD}.Release|Any CPU.ActiveCfg = Release|Any CPU
		{F792123B-9290-438E-B039-56F8C04C0CFD}.Release|Any CPU.Build.0 = Release|Any CPU
		{A41018B5-094E-438A-8E8D-39715EB9A72A}.Debug|Any CPU.ActiveCfg = Debug|Any CPU
		{A41018B5-094E-438A-8E8D-39715EB9A72A}.Debug|Any CPU.Build.0 = Debug|Any CPU
		{A41018B5-094E-438A-8E8D-39715EB9A72A}.Release|Any CPU.ActiveCfg = Release|Any CPU
		{A41018B5-094E-438A-8E8D-39715EB9A72A}.Release|Any CPU.Build.0 = Release|Any CPU
		{9D048C01-F033-49F8-9158-9C4422359CC5}.Debug|Any CPU.ActiveCfg = Debug|Any CPU
		{9D048C01-F033-49F8-9158-9C4422359CC5}.Debug|Any CPU.Build.0 = Debug|Any CPU
		{9D048C01-F033-49F8-9158-9C4422359CC5}.Release|Any CPU.ActiveCfg = Release|Any CPU
		{9D048C01-F033-49F8-9158-9C4422359CC5}.Release|Any CPU.Build.0 = Release|Any CPU
		{DF51886A-8543-46CC-ABE6-AB63D346C47B}.Debug|Any CPU.ActiveCfg = Debug|Any CPU
		{DF51886A-8543-46CC-ABE6-AB63D346C47B}.Debug|Any CPU.Build.0 = Debug|Any CPU
		{DF51886A-8543-46CC-ABE6-AB63D346C47B}.Release|Any CPU.ActiveCfg = Release|Any CPU
		{DF51886A-8543-46CC-ABE6-AB63D346C47B}.Release|Any CPU.Build.0 = Release|Any CPU
		{BE5FAFEE-59A8-4C98-AC36-03F18CFA7400}.Debug|Any CPU.ActiveCfg = Debug|Any CPU
		{BE5FAFEE-59A8-4C98-AC36-03F18CFA7400}.Debug|Any CPU.Build.0 = Debug|Any CPU
		{BE5FAFEE-59A8-4C98-AC36-03F18CFA7400}.Release|Any CPU.ActiveCfg = Release|Any CPU
		{BE5FAFEE-59A8-4C98-AC36-03F18CFA7400}.Release|Any CPU.Build.0 = Release|Any CPU
		{BDEBA076-4C1F-4A2D-B718-9240A41A284E}.Debug|Any CPU.ActiveCfg = Debug|Any CPU
		{BDEBA076-4C1F-4A2D-B718-9240A41A284E}.Debug|Any CPU.Build.0 = Debug|Any CPU
		{BDEBA076-4C1F-4A2D-B718-9240A41A284E}.Release|Any CPU.ActiveCfg = Release|Any CPU
		{BDEBA076-4C1F-4A2D-B718-9240A41A284E}.Release|Any CPU.Build.0 = Release|Any CPU
	EndGlobalSection
	GlobalSection(SolutionProperties) = preSolution
		HideSolutionNode = FALSE
	EndGlobalSection
	GlobalSection(ExtensibilityGlobals) = postSolution
		SolutionGuid = {9BA95304-94FE-44D7-80B8-EB7F5EC2908D}
	EndGlobalSection
EndGlobal
